
Microsoft Visual Studio Solution File, Format Version 12.00
# Visual Studio 15
VisualStudioVersion = 15.0.27703.2018
MinimumVisualStudioVersion = 10.0.40219.1
Project("{FAE04EC0-301F-11D3-BF4B-00C04F79EFBC}") = "wpf_ex_final", "wpf_ex_final\wpf_ex_final.csproj", "{D209DD37-7BBB-4EB5-B95C-FAB9A353B0C2}"
EndProject
Global
	GlobalSection(SolutionConfigurationPlatforms) = preSolution
		Debug|Any CPU = Debug|Any CPU
		Release|Any CPU = Release|Any CPU
	EndGlobalSection
	GlobalSection(ProjectConfigurationPlatforms) = postSolution
		{D209DD37-7BBB-4EB5-B95C-FAB9A353B0C2}.Debug|Any CPU.ActiveCfg = Debug|Any CPU
		{D209DD37-7BBB-4EB5-B95C-FAB9A353B0C2}.Debug|Any CPU.Build.0 = Debug|Any CPU
		{D209DD37-7BBB-4EB5-B95C-FAB9A353B0C2}.Release|Any CPU.ActiveCfg = Release|Any CPU
		{D209DD37-7BBB-4EB5-B95C-FAB9A353B0C2}.Release|Any CPU.Build.0 = Release|Any CPU
	EndGlobalSection
	GlobalSection(SolutionProperties) = preSolution
		HideSolutionNode = FALSE
	EndGlobalSection
	GlobalSection(ExtensibilityGlobals) = postSolution
		SolutionGuid = {88AB1601-4391-4CB3-A30F-5761D853C8F3}
	EndGlobalSection
EndGlobal
